PODS:
  - MTCoordinatorView (0.8.0)

DEPENDENCIES:
  - MTCoordinatorView (from `../`)

EXTERNAL SOURCES:
  MTCoordinatorView:
    :path: "../"

SPEC CHECKSUMS:
  MTCoordinatorView: 333f88de9c4993da28bda02597a5efc63892bf92

PODFILE CHECKSUM: d21b1f40ca50a58d366c36d1dedba2ff41bb20b5

COCOAPODS: 1.1.0.rc.2
